// !$*UTF8*$!
{
	archiveVersion = 1;
	classes = {
	};
	objectVersion = 77;
	objects = {

/* Begin PBXBuildFile section */
		19BCE47C6893926E53962577 /* FEAuth in Frameworks */ = {isa = PBXBuildFile; productRef = F71FCF3E0F318AFA91B50660 /* FEAuth */; };
		1A7123A8480347823FF4A737 /* EndpointPolicyTests.swift in Sources */ = {isa = PBXBuildFile; fileRef = 59E23778BBA9A8B215CC79D0 /* EndpointPolicyTests.swift */; };
		2EBC682AD7466335DA1634D8 /* FEPlan in Frameworks */ = {isa = PBXBuildFile; productRef = B05296E5CE38DEC7D1ABE5D2 /* FEPlan */; };
		4C0CC51E675DBB8A6C4468E9 /* FEAppIntents in Frameworks */ = {isa = PBXBuildFile; productRef = C0E28472D5FA232F6ED3A73E /* FEAppIntents */; };
		50241B51E784A24255804531 /* DeepLinkRouter.swift in Sources */ = {isa = PBXBuildFile; fileRef = BBCC2314DD26A666A41A4FB6 /* DeepLinkRouter.swift */; };
		64B0B73A2386B6BD9A2766FC /* RootView.swift in Sources */ = {isa = PBXBuildFile; fileRef = 0AA67236F4FFFB580DD258FF /* RootView.swift */; };
		701B15B0A6A5DB477A72D534 /* RootViewSmokeTests.swift in Sources */ = {isa = PBXBuildFile; fileRef = DDF79B5230EC3037D78EEF6D /* RootViewSmokeTests.swift */; };
		77E20F16D3924C03FC7FBB14 /* FECore in Frameworks */ = {isa = PBXBuildFile; productRef = DC90DE2BDE57D2CE9AD0B4B4 /* FECore */; };
		7AA19CB41083177A888B8FEF /* FEExplore in Frameworks */ = {isa = PBXBuildFile; productRef = 61544DEF43F22997E8487761 /* FEExplore */; };
		7AC820BD3894603B6BB0B3DB /* AppModelContainerTests.swift in Sources */ = {isa = PBXBuildFile; fileRef = 842E1F96AA2DBCA6FF8DD3A0 /* AppModelContainerTests.swift */; };
		81C5AD39915BC5D6F53C7326 /* DeepLinkRouterTests.swift in Sources */ = {isa = PBXBuildFile; fileRef = B3019C083099A4C42082B682 /* DeepLinkRouterTests.swift */; };
		9888A58B98D21EAF3186712A /* FESaved in Frameworks */ = {isa = PBXBuildFile; productRef = 5399C3FDB06EABBE86A2FD40 /* FESaved */; };
		9A32F4E906DA64D49B2675FC /* FamilyEventsApp.swift in Sources */ = {isa = PBXBuildFile; fileRef = BE25634672A19F50ADD99C05 /* FamilyEventsApp.swift */; };
		A034794A8267646650C4048E /* TabTests.swift in Sources */ = {isa = PBXBuildFile; fileRef = 5A0418216EB1C821D23D4966 /* TabTests.swift */; };
		A2AA8448CCB37D518CA39E2A /* AppRoute.swift in Sources */ = {isa = PBXBuildFile; fileRef = 141BE55DA40D69FD31C2BE54 /* AppRoute.swift */; };
		ADDE2706CD1FD170C32BF919 /* FamilyEventsTests.swift in Sources */ = {isa = PBXBuildFile; fileRef = 431723C943DADC1F0E18FD68 /* FamilyEventsTests.swift */; };
		B0C3E3403DA9C2E4552F4F8C /* FEAuthTesting in Frameworks */ = {isa = PBXBuildFile; productRef = 65E2409342315B807311D9F6 /* FEAuthTesting */; };
		BB84468BCDB03E1E68D9015B /* FEData in Frameworks */ = {isa = PBXBuildFile; productRef = 5D879C9222AF5C91392EA789 /* FEData */; };
		C646F68702ADB3B478AAC45A /* FEDesignSystem in Frameworks */ = {isa = PBXBuildFile; productRef = 5546DB4D17A5E09EEF2150C9 /* FEDesignSystem */; };
		D3AD884267172C4D1ECD17E9 /* Tab.swift in Sources */ = {isa = PBXBuildFile; fileRef = 8F62AF66C36F29653368CAFE /* Tab.swift */; };
		D5D60E440938F8A5A1EC2B3C /* FECore in Frameworks */ = {isa = PBXBuildFile; productRef = 3EB57A5EFB39A746A0D2B024 /* FECore */; };
		EB5C374E92ABA31505BC4E94 /* FEAuth in Frameworks */ = {isa = PBXBuildFile; productRef = 140C842699DB3E60E17FD74C /* FEAuth */; };
		FB1C8D7370E2A38930935CC1 /* FEEventDetail in Frameworks */ = {isa = PBXBuildFile; productRef = F91888BF2832B1DAEFA47BCB /* FEEventDetail */; };
		FFB8363FC63C6D248CBDDDE1 /* FEData in Frameworks */ = {isa = PBXBuildFile; productRef = 1592D61B348B5F234F607CC6 /* FEData */; };
/* End PBXBuildFile section */

/* Begin PBXContainerItemProxy section */
		B63CFDC406F733CCCE40E139 /* PBXContainerItemProxy */ = {
			isa = PBXContainerItemProxy;
			containerPortal = DB82AFD6916D683A1D7ABEC5 /* Project object */;
			proxyType = 1;
			remoteGlobalIDString = 083B3FC98884AFDEAC48F615;
			remoteInfo = FamilyEvents;
		};
/* End PBXContainerItemProxy section */

/* Begin PBXFileReference section */
		0AA67236F4FFFB580DD258FF /* RootView.swift */ = {isa = PBXFileReference; lastKnownFileType = sourcecode.swift; path = RootView.swift; sourceTree = "<group>"; };
		0ED7E52CA65CBCCB4FA2D33F /* FEAppIntents */ = {isa = PBXFileReference; lastKnownFileType = folder; name = FEAppIntents; path = Packages/FEAppIntents; sourceTree = SOURCE_ROOT; };
		141BE55DA40D69FD31C2BE54 /* AppRoute.swift */ = {isa = PBXFileReference; lastKnownFileType = sourcecode.swift; path = AppRoute.swift; sourceTree = "<group>"; };
		188C8EDD19850302A039CA4F /* FamilyEvents.entitlements */ = {isa = PBXFileReference; lastKnownFileType = text.plist.entitlements; path = FamilyEvents.entitlements; sourceTree = "<group>"; };
		2970B6037618A85B61BB7ADC /* FEEventDetail */ = {isa = PBXFileReference; lastKnownFileType = folder; name = FEEventDetail; path = Packages/FEEventDetail; sourceTree = SOURCE_ROOT; };
		2BE6426A86C916F2AD1D657A /* FamilyEventsTests.xctest */ = {isa = PBXFileReference; includeInIndex = 0; lastKnownFileType = wrapper.cfbundle; path = FamilyEventsTests.xctest; sourceTree = BUILT_PRODUCTS_DIR; };
		431723C943DADC1F0E18FD68 /* FamilyEventsTests.swift */ = {isa = PBXFileReference; lastKnownFileType = sourcecode.swift; path = FamilyEventsTests.swift; sourceTree = "<group>"; };
		527B693EC7456B426B181EA1 /* FECore */ = {isa = PBXFileReference; lastKnownFileType = folder; name = FECore; path = Packages/FECore; sourceTree = SOURCE_ROOT; };
		59E23778BBA9A8B215CC79D0 /* EndpointPolicyTests.swift */ = {isa = PBXFileReference; lastKnownFileType = sourcecode.swift; path = EndpointPolicyTests.swift; sourceTree = "<group>"; };
		5A0418216EB1C821D23D4966 /* TabTests.swift */ = {isa = PBXFileReference; lastKnownFileType = sourcecode.swift; path = TabTests.swift; sourceTree = "<group>"; };
		6BB7332AD1C515136B412F4E /* FEAuth */ = {isa = PBXFileReference; lastKnownFileType = folder; name = FEAuth; path = Packages/FEAuth; sourceTree = SOURCE_ROOT; };
		842E1F96AA2DBCA6FF8DD3A0 /* AppModelContainerTests.swift */ = {isa = PBXFileReference; lastKnownFileType = sourcecode.swift; path = AppModelContainerTests.swift; sourceTree = "<group>"; };
		8F62AF66C36F29653368CAFE /* Tab.swift */ = {isa = PBXFileReference; lastKnownFileType = sourcecode.swift; path = Tab.swift; sourceTree = "<group>"; };
		B3019C083099A4C42082B682 /* DeepLinkRouterTests.swift */ = {isa = PBXFileReference; lastKnownFileType = sourcecode.swift; path = DeepLinkRouterTests.swift; sourceTree = "<group>"; };
		B60EBADC23A6A8EB851EF92E /* Info.plist */ = {isa = PBXFileReference; lastKnownFileType = text.plist; path = Info.plist; sourceTree = "<group>"; };
		BBCC2314DD26A666A41A4FB6 /* DeepLinkRouter.swift */ = {isa = PBXFileReference; lastKnownFileType = sourcecode.swift; path = DeepLinkRouter.swift; sourceTree = "<group>"; };
		BE25634672A19F50ADD99C05 /* FamilyEventsApp.swift */ = {isa = PBXFileReference; lastKnownFileType = sourcecode.swift; path = FamilyEventsApp.swift; sourceTree = "<group>"; };
		CDB0BB0DA2D1AC60CFBE46B2 /* FEData */ = {isa = PBXFileReference; lastKnownFileType = folder; name = FEData; path = Packages/FEData; sourceTree = SOURCE_ROOT; };
		D890C8D7C4B176D36D48B555 /* FESaved */ = {isa = PBXFileReference; lastKnownFileType = folder; name = FESaved; path = Packages/FESaved; sourceTree = SOURCE_ROOT; };
		DDF79B5230EC3037D78EEF6D /* RootViewSmokeTests.swift */ = {isa = PBXFileReference; lastKnownFileType = sourcecode.swift; path = RootViewSmokeTests.swift; sourceTree = "<group>"; };
		E464D298BFB56808512883BC /* FamilyEvents.app */ = {isa = PBXFileReference; includeInIndex = 0; lastKnownFileType = wrapper.application; path = FamilyEvents.app; sourceTree = BUILT_PRODUCTS_DIR; };
		F30DD56DC40DC5C679F79DC8 /* FEExplore */ = {isa = PBXFileReference; lastKnownFileType = folder; name = FEExplore; path = Packages/FEExplore; sourceTree = SOURCE_ROOT; };
		F6288D8480EB0B4748EB77C8 /* FEDesignSystem */ = {isa = PBXFileReference; lastKnownFileType = folder; name = FEDesignSystem; path = Packages/FEDesignSystem; sourceTree = SOURCE_ROOT; };
		FF1DA06D83C22E5936FD06AE /* FEPlan */ = {isa = PBXFileReference; lastKnownFileType = folder; name = FEPlan; path = Packages/FEPlan; sourceTree = SOURCE_ROOT; };
/* End PBXFileReference section */

/* Begin PBXFrameworksBuildPhase section */
		0D05DEE8E62D458F6983D036 /* Frameworks */ = {
			isa = PBXFrameworksBuildPhase;
			buildActionMask = 2147483647;
			files = (
				77E20F16D3924C03FC7FBB14 /* FECore in Frameworks */,
				FFB8363FC63C6D248CBDDDE1 /* FEData in Frameworks */,
				C646F68702ADB3B478AAC45A /* FEDesignSystem in Frameworks */,
				19BCE47C6893926E53962577 /* FEAuth in Frameworks */,
				2EBC682AD7466335DA1634D8 /* FEPlan in Frameworks */,
				7AA19CB41083177A888B8FEF /* FEExplore in Frameworks */,
				9888A58B98D21EAF3186712A /* FESaved in Frameworks */,
				FB1C8D7370E2A38930935CC1 /* FEEventDetail in Frameworks */,
				4C0CC51E675DBB8A6C4468E9 /* FEAppIntents in Frameworks */,
			);
			runOnlyForDeploymentPostprocessing = 0;
		};
		833D631B3366A03CF663C5C0 /* Frameworks */ = {
			isa = PBXFrameworksBuildPhase;
			buildActionMask = 2147483647;
			files = (
				D5D60E440938F8A5A1EC2B3C /* FECore in Frameworks */,
				BB84468BCDB03E1E68D9015B /* FEData in Frameworks */,
				EB5C374E92ABA31505BC4E94 /* FEAuth in Frameworks */,
				B0C3E3403DA9C2E4552F4F8C /* FEAuthTesting in Frameworks */,
			);
			runOnlyForDeploymentPostprocessing = 0;
		};
/* End PBXFrameworksBuildPhase section */

/* Begin PBXGroup section */
		35B3025E43387FD7FA5E77BE /* Products */ = {
			isa = PBXGroup;
			children = (
				E464D298BFB56808512883BC /* FamilyEvents.app */,
				2BE6426A86C916F2AD1D657A /* FamilyEventsTests.xctest */,
			);
			name = Products;
			sourceTree = "<group>";
		};
		875B4E0F14EA57A0E06EF544 /* Packages */ = {
			isa = PBXGroup;
			children = (
				0ED7E52CA65CBCCB4FA2D33F /* FEAppIntents */,
				6BB7332AD1C515136B412F4E /* FEAuth */,
				527B693EC7456B426B181EA1 /* FECore */,
				CDB0BB0DA2D1AC60CFBE46B2 /* FEData */,
				F6288D8480EB0B4748EB77C8 /* FEDesignSystem */,
				2970B6037618A85B61BB7ADC /* FEEventDetail */,
				F30DD56DC40DC5C679F79DC8 /* FEExplore */,
				FF1DA06D83C22E5936FD06AE /* FEPlan */,
				D890C8D7C4B176D36D48B555 /* FESaved */,
			);
			path = Packages;
			sourceTree = "<group>";
		};
		A85685A0EC7E9C61413EDA64 = {
			isa = PBXGroup;
			children = (
				AEEBCB3A48E672316FCD3A17 /* FamilyEvents */,
				A94EC6CC8A538C4B7DE81EDE /* FamilyEventsTests */,
				875B4E0F14EA57A0E06EF544 /* Packages */,
				35B3025E43387FD7FA5E77BE /* Products */,
			);
			sourceTree = "<group>";
		};
		A94EC6CC8A538C4B7DE81EDE /* FamilyEventsTests */ = {
			isa = PBXGroup;
			children = (
				842E1F96AA2DBCA6FF8DD3A0 /* AppModelContainerTests.swift */,
				B3019C083099A4C42082B682 /* DeepLinkRouterTests.swift */,
				59E23778BBA9A8B215CC79D0 /* EndpointPolicyTests.swift */,
				431723C943DADC1F0E18FD68 /* FamilyEventsTests.swift */,
				DDF79B5230EC3037D78EEF6D /* RootViewSmokeTests.swift */,
				5A0418216EB1C821D23D4966 /* TabTests.swift */,
			);
			path = FamilyEventsTests;
			sourceTree = "<group>";
		};
		AEEBCB3A48E672316FCD3A17 /* FamilyEvents */ = {
			isa = PBXGroup;
			children = (
				B60EBADC23A6A8EB851EF92E /* Info.plist */,
				B6E2E75BB5FC8B9FA445BE95 /* App */,
			);
			path = FamilyEvents;
			sourceTree = "<group>";
		};
		B6E2E75BB5FC8B9FA445BE95 /* App */ = {
			isa = PBXGroup;
			children = (
				141BE55DA40D69FD31C2BE54 /* AppRoute.swift */,
				BBCC2314DD26A666A41A4FB6 /* DeepLinkRouter.swift */,
				188C8EDD19850302A039CA4F /* FamilyEvents.entitlements */,
				BE25634672A19F50ADD99C05 /* FamilyEventsApp.swift */,
				0AA67236F4FFFB580DD258FF /* RootView.swift */,
				8F62AF66C36F29653368CAFE /* Tab.swift */,
			);
			path = App;
			sourceTree = "<group>";
		};
/* End PBXGroup section */

/* Begin PBXNativeTarget section */
		083B3FC98884AFDEAC48F615 /* FamilyEvents */ = {
			isa = PBXNativeTarget;
			buildConfigurationList = F8773063EFDAAA665F2FF4E6 /* Build configuration list for PBXNativeTarget "FamilyEvents" */;
			buildPhases = (
				58ACC121B5E66CE98E272F46 /* Sources */,
				0D05DEE8E62D458F6983D036 /* Frameworks */,
			);
			buildRules = (
			);
			dependencies = (
			);
			name = FamilyEvents;
			packageProductDependencies = (
				DC90DE2BDE57D2CE9AD0B4B4 /* FECore */,
				1592D61B348B5F234F607CC6 /* FEData */,
				5546DB4D17A5E09EEF2150C9 /* FEDesignSystem */,
				F71FCF3E0F318AFA91B50660 /* FEAuth */,
				B05296E5CE38DEC7D1ABE5D2 /* FEPlan */,
				61544DEF43F22997E8487761 /* FEExplore */,
				5399C3FDB06EABBE86A2FD40 /* FESaved */,
				F91888BF2832B1DAEFA47BCB /* FEEventDetail */,
				C0E28472D5FA232F6ED3A73E /* FEAppIntents */,
			);
			productName = FamilyEvents;
			productReference = E464D298BFB56808512883BC /* FamilyEvents.app */;
			productType = "com.apple.product-type.application";
		};
		9BEC6E13FACB96F2663F665B /* FamilyEventsTests */ = {
			isa = PBXNativeTarget;
			buildConfigurationList = 81D60576F7AC46745CAF6CA8 /* Build configuration list for PBXNativeTarget "FamilyEventsTests" */;
			buildPhases = (
				07515A9880561E2A48A1304C /* Sources */,
				833D631B3366A03CF663C5C0 /* Frameworks */,
			);
			buildRules = (
			);
			dependencies = (
				5035DD2313CEAE925683A3AB /* PBXTargetDependency */,
			);
			name = FamilyEventsTests;
			packageProductDependencies = (
				3EB57A5EFB39A746A0D2B024 /* FECore */,
				5D879C9222AF5C91392EA789 /* FEData */,
				140C842699DB3E60E17FD74C /* FEAuth */,
				65E2409342315B807311D9F6 /* FEAuthTesting */,
			);
			productName = FamilyEventsTests;
			productReference = 2BE6426A86C916F2AD1D657A /* FamilyEventsTests.xctest */;
			productType = "com.apple.product-type.bundle.unit-test";
		};
/* End PBXNativeTarget section */

/* Begin PBXProject section */
		DB82AFD6916D683A1D7ABEC5 /* Project object */ = {
			isa = PBXProject;
			attributes = {
				BuildIndependentTargetsInParallel = YES;
				LastUpgradeCheck = 1430;
				TargetAttributes = {
				};
			};
			buildConfigurationList = FCC7E55DDA9D7FA440B4C754 /* Build configuration list for PBXProject "FamilyEvents" */;
			developmentRegion = en;
			hasScannedForEncodings = 0;
			knownRegions = (
				Base,
				en,
			);
			mainGroup = A85685A0EC7E9C61413EDA64;
			minimizedProjectReferenceProxies = 1;
			packageReferences = (
				6C67EDF93C267962D9BF2BFE /* XCLocalSwiftPackageReference "Packages/FEAppIntents" */,
				5B4603095B987C37D8E3A051 /* XCLocalSwiftPackageReference "Packages/FEAuth" */,
				3F9231D0C366C3F4FF7FF08C /* XCLocalSwiftPackageReference "Packages/FECore" */,
				D41436FB6890B7EAF9ED7362 /* XCLocalSwiftPackageReference "Packages/FEData" */,
				60A15770312CE0B621EA0C65 /* XCLocalSwiftPackageReference "Packages/FEDesignSystem" */,
				03FA394F953AE916329ACCA6 /* XCLocalSwiftPackageReference "Packages/FEEventDetail" */,
				6F28529199E8E30591BC89C0 /* XCLocalSwiftPackageReference "Packages/FEExplore" */,
				369E0085144452F893E9F88E /* XCLocalSwiftPackageReference "Packages/FEPlan" */,
				080F0A1D6B0623E4824A5B97 /* XCLocalSwiftPackageReference "Packages/FESaved" */,
			);
			preferredProjectObjectVersion = 77;
			productRefGroup = 35B3025E43387FD7FA5E77BE /* Products */;
			projectDirPath = "";
			projectRoot = "";
			targets = (
				083B3FC98884AFDEAC48F615 /* FamilyEvents */,
				9BEC6E13FACB96F2663F665B /* FamilyEventsTests */,
			);
		};
/* End PBXProject section */

/* Begin PBXSourcesBuildPhase section */
		07515A9880561E2A48A1304C /* Sources */ = {
			isa = PBXSourcesBuildPhase;
			buildActionMask = 2147483647;
			files = (
				7AC820BD3894603B6BB0B3DB /* AppModelContainerTests.swift in Sources */,
				81C5AD39915BC5D6F53C7326 /* DeepLinkRouterTests.swift in Sources */,
				1A7123A8480347823FF4A737 /* EndpointPolicyTests.swift in Sources */,
				ADDE2706CD1FD170C32BF919 /* FamilyEventsTests.swift in Sources */,
				701B15B0A6A5DB477A72D534 /* RootViewSmokeTests.swift in Sources */,
				A034794A8267646650C4048E /* TabTests.swift in Sources */,
			);
			runOnlyForDeploymentPostprocessing = 0;
		};
		58ACC121B5E66CE98E272F46 /* Sources */ = {
			isa = PBXSourcesBuildPhase;
			buildActionMask = 2147483647;
			files = (
				A2AA8448CCB37D518CA39E2A /* AppRoute.swift in Sources */,
				50241B51E784A24255804531 /* DeepLinkRouter.swift in Sources */,
				9A32F4E906DA64D49B2675FC /* FamilyEventsApp.swift in Sources */,
				64B0B73A2386B6BD9A2766FC /* RootView.swift in Sources */,
				D3AD884267172C4D1ECD17E9 /* Tab.swift in Sources */,
			);
			runOnlyForDeploymentPostprocessing = 0;
		};
/* End PBXSourcesBuildPhase section */

/* Begin PBXTargetDependency section */
		5035DD2313CEAE925683A3AB /* PBXTargetDependency */ = {
			isa = PBXTargetDependency;
			target = 083B3FC98884AFDEAC48F615 /* FamilyEvents */;
			targetProxy = B63CFDC406F733CCCE40E139 /* PBXContainerItemProxy */;
		};
/* End PBXTargetDependency section */

/* Begin XCBuildConfiguration section */
		2F2F741BCFC2DC49DFC7DC59 /* Debug */ = {
			isa = XCBuildConfiguration;
			buildSettings = {
				ASSETCATALOG_COMPILER_APPICON_NAME = AppIcon;
				CODE_SIGN_ENTITLEMENTS = FamilyEvents/App/FamilyEvents.entitlements;
				CODE_SIGN_IDENTITY = "iPhone Developer";
				INFOPLIST_FILE = FamilyEvents/Info.plist;
				IPHONEOS_DEPLOYMENT_TARGET = 17.0;
				LD_RUNPATH_SEARCH_PATHS = (
					"$(inherited)",
					"@executable_path/Frameworks",
				);
				PRODUCT_NAME = FamilyEvents;
				SDKROOT = iphoneos;
				TARGETED_DEVICE_FAMILY = "1,2";
			};
			name = Debug;
		};
		8E25B969C9544B21471ABC24 /* Debug */ = {
			isa = XCBuildConfiguration;
			buildSettings = {
				BUNDLE_LOADER = "$(TEST_HOST)";
				GENERATE_INFOPLIST_FILE = YES;
				IPHONEOS_DEPLOYMENT_TARGET = 17.0;
				LD_RUNPATH_SEARCH_PATHS = (
					"$(inherited)",
					"@executable_path/Frameworks",
					"@loader_path/Frameworks",
				);
				SDKROOT = iphoneos;
				TARGETED_DEVICE_FAMILY = "1,2";
				TEST_HOST = "$(BUILT_PRODUCTS_DIR)/FamilyEvents.app/FamilyEvents";
			};
			name = Debug;
		};
		A26DEE075EF096362E332560 /* Release */ = {
			isa = XCBuildConfiguration;
			buildSettings = {
				ASSETCATALOG_COMPILER_APPICON_NAME = AppIcon;
				CODE_SIGN_ENTITLEMENTS = FamilyEvents/App/FamilyEvents.entitlements;
				CODE_SIGN_IDENTITY = "iPhone Developer";
				INFOPLIST_FILE = FamilyEvents/Info.plist;
				IPHONEOS_DEPLOYMENT_TARGET = 17.0;
				LD_RUNPATH_SEARCH_PATHS = (
					"$(inherited)",
					"@executable_path/Frameworks",
				);
				PRODUCT_NAME = FamilyEvents;
				SDKROOT = iphoneos;
				TARGETED_DEVICE_FAMILY = "1,2";
			};
			name = Release;
		};
		B0A3409BAF6C6E4B133541F5 /* Release */ = {
			isa = XCBuildConfiguration;
			buildSettings = {
				ALWAYS_SEARCH_USER_PATHS = NO;
				CLANG_ANALYZER_NONNULL = YES;
				CLANG_ANALYZER_NUMBER_OBJECT_CONVERSION = YES_AGGRESSIVE;
				CLANG_CXX_LANGUAGE_STANDARD = "gnu++14";
				CLANG_CXX_LIBRARY = "libc++";
				CLANG_ENABLE_MODULES = YES;
				CLANG_ENABLE_OBJC_ARC = YES;
				CLANG_ENABLE_OBJC_WEAK = YES;
				CLANG_WARN_BLOCK_CAPTURE_AUTORELEASING = YES;
				CLANG_WARN_BOOL_CONVERSION = YES;
				CLANG_WARN_COMMA = YES;
				CLANG_WARN_CONSTANT_CONVERSION = YES;
				CLANG_WARN_DEPRECATED_OBJC_IMPLEMENTATIONS = YES;
				CLANG_WARN_DIRECT_OBJC_ISA_USAGE = YES_ERROR;
				CLANG_WARN_DOCUMENTATION_COMMENTS = YES;
				CLANG_WARN_EMPTY_BODY = YES;
				CLANG_WARN_ENUM_CONVERSION = YES;
				CLANG_WARN_INFINITE_RECURSION = YES;
				CLANG_WARN_INT_CONVERSION = YES;
				CLANG_WARN_NON_LITERAL_NULL_CONVERSION = YES;
				CLANG_WARN_OBJC_IMPLICIT_RETAIN_SELF = YES;
				CLANG_WARN_OBJC_LITERAL_CONVERSION = YES;
				CLANG_WARN_OBJC_ROOT_CLASS = YES_ERROR;
				CLANG_WARN_QUOTED_INCLUDE_IN_FRAMEWORK_HEADER = YES;
				CLANG_WARN_RANGE_LOOP_ANALYSIS = YES;
				CLANG_WARN_STRICT_PROTOTYPES = YES;
				CLANG_WARN_SUSPICIOUS_MOVE = YES;
				CLANG_WARN_UNGUARDED_AVAILABILITY = YES_AGGRESSIVE;
				CLANG_WARN_UNREACHABLE_CODE = YES;
				CLANG_WARN__DUPLICATE_METHOD_MATCH = YES;
				COPY_PHASE_STRIP = NO;
				DEBUG_INFORMATION_FORMAT = "dwarf-with-dsym";
				ENABLE_NS_ASSERTIONS = NO;
				ENABLE_STRICT_OBJC_MSGSEND = YES;
				GCC_C_LANGUAGE_STANDARD = gnu11;
				GCC_NO_COMMON_BLOCKS = YES;
				GCC_WARN_64_TO_32_BIT_CONVERSION = YES;
				GCC_WARN_ABOUT_RETURN_TYPE = YES_ERROR;
				GCC_WARN_UNDECLARED_SELECTOR = YES;
				GCC_WARN_UNINITIALIZED_AUTOS = YES_AGGRESSIVE;
				GCC_WARN_UNUSED_FUNCTION = YES;
				GCC_WARN_UNUSED_VARIABLE = YES;
				MTL_ENABLE_DEBUG_INFO = NO;
				MTL_FAST_MATH = YES;
				PRODUCT_BUNDLE_IDENTIFIER = com.familyevents.app;
				PRODUCT_NAME = "$(TARGET_NAME)";
				SDKROOT = iphoneos;
				SUPABASE_ANON_KEY = "";
				SUPABASE_URL = "";
				SWIFT_COMPILATION_MODE = wholemodule;
				SWIFT_OPTIMIZATION_LEVEL = "-O";
				SWIFT_VERSION = 5.1;
			};
			name = Release;
		};
		EB9DD2406DBD82E1CFE54C89 /* Release */ = {
			isa = XCBuildConfiguration;
			buildSettings = {
				BUNDLE_LOADER = "$(TEST_HOST)";
				GENERATE_INFOPLIST_FILE = YES;
				IPHONEOS_DEPLOYMENT_TARGET = 17.0;
				LD_RUNPATH_SEARCH_PATHS = (
					"$(inherited)",
					"@executable_path/Frameworks",
					"@loader_path/Frameworks",
				);
				SDKROOT = iphoneos;
				TARGETED_DEVICE_FAMILY = "1,2";
				TEST_HOST = "$(BUILT_PRODUCTS_DIR)/FamilyEvents.app/FamilyEvents";
			};
			name = Release;
		};
		EEF773E9BE1B290086BE12B9 /* Debug */ = {
			isa = XCBuildConfiguration;
			buildSettings = {
				ALWAYS_SEARCH_USER_PATHS = NO;
				CLANG_ANALYZER_NONNULL = YES;
				CLANG_ANALYZER_NUMBER_OBJECT_CONVERSION = YES_AGGRESSIVE;
				CLANG_CXX_LANGUAGE_STANDARD = "gnu++14";
				CLANG_CXX_LIBRARY = "libc++";
				CLANG_ENABLE_MODULES = YES;
				CLANG_ENABLE_OBJC_ARC = YES;
				CLANG_ENABLE_OBJC_WEAK = YES;
				CLANG_WARN_BLOCK_CAPTURE_AUTORELEASING = YES;
				CLANG_WARN_BOOL_CONVERSION = YES;
				CLANG_WARN_COMMA = YES;
				CLANG_WARN_CONSTANT_CONVERSION = YES;
				CLANG_WARN_DEPRECATED_OBJC_IMPLEMENTATIONS = YES;
				CLANG_WARN_DIRECT_OBJC_ISA_USAGE = YES_ERROR;
				CLANG_WARN_DOCUMENTATION_COMMENTS = YES;
				CLANG_WARN_EMPTY_BODY = YES;
				CLANG_WARN_ENUM_CONVERSION = YES;
				CLANG_WARN_INFINITE_RECURSION = YES;
				CLANG_WARN_INT_CONVERSION = YES;
				CLANG_WARN_NON_LITERAL_NULL_CONVERSION = YES;
				CLANG_WARN_OBJC_IMPLICIT_RETAIN_SELF = YES;
				CLANG_WARN_OBJC_LITERAL_CONVERSION = YES;
				CLANG_WARN_OBJC_ROOT_CLASS = YES_ERROR;
				CLANG_WARN_QUOTED_INCLUDE_IN_FRAMEWORK_HEADER = YES;
				CLANG_WARN_RANGE_LOOP_ANALYSIS = YES;
				CLANG_WARN_STRICT_PROTOTYPES = YES;
				CLANG_WARN_SUSPICIOUS_MOVE = YES;
				CLANG_WARN_UNGUARDED_AVAILABILITY = YES_AGGRESSIVE;
				CLANG_WARN_UNREACHABLE_CODE = YES;
				CLANG_WARN__DUPLICATE_METHOD_MATCH = YES;
				COPY_PHASE_STRIP = NO;
				DEBUG_INFORMATION_FORMAT = dwarf;
				ENABLE_STRICT_OBJC_MSGSEND = YES;
				ENABLE_TESTABILITY = YES;
				GCC_C_LANGUAGE_STANDARD = gnu11;
				GCC_DYNAMIC_NO_PIC = NO;
				GCC_NO_COMMON_BLOCKS = YES;
				GCC_OPTIMIZATION_LEVEL = 0;
				GCC_PREPROCESSOR_DEFINITIONS = (
					"$(inherited)",
					"DEBUG=1",
				);
				GCC_WARN_64_TO_32_BIT_CONVERSION = YES;
				GCC_WARN_ABOUT_RETURN_TYPE = YES_ERROR;
				GCC_WARN_UNDECLARED_SELECTOR = YES;
				GCC_WARN_UNINITIALIZED_AUTOS = YES_AGGRESSIVE;
				GCC_WARN_UNUSED_FUNCTION = YES;
				GCC_WARN_UNUSED_VARIABLE = YES;
				MTL_ENABLE_DEBUG_INFO = INCLUDE_SOURCE;
				MTL_FAST_MATH = YES;
				ONLY_ACTIVE_ARCH = YES;
				PRODUCT_BUNDLE_IDENTIFIER = com.familyevents.app;
				PRODUCT_NAME = "$(TARGET_NAME)";
				SDKROOT = iphoneos;
				SUPABASE_ANON_KEY = sb_publishable_ACJWlzQHlZjBrEguHvfOxg_3BJgxAaH;
				SUPABASE_URL = "http://127.0.0.1:55321";
				SWIFT_ACTIVE_COMPILATION_CONDITIONS = DEBUG;
				SWIFT_OPTIMIZATION_LEVEL = "-Onone";
				SWIFT_VERSION = 5.1;
			};
			name = Debug;
		};
/* End XCBuildConfiguration section */

/* Begin XCConfigurationList section */
		81D60576F7AC46745CAF6CA8 /* Build configuration list for PBXNativeTarget "FamilyEventsTests" */ = {
			isa = XCConfigurationList;
			buildConfigurations = (
				8E25B969C9544B21471ABC24 /* Debug */,
				EB9DD2406DBD82E1CFE54C89 /* Release */,
			);
			defaultConfigurationIsVisible = 0;
			defaultConfigurationName = Debug;
		};
		F8773063EFDAAA665F2FF4E6 /* Build configuration list for PBXNativeTarget "FamilyEvents" */ = {
			isa = XCConfigurationList;
			buildConfigurations = (
				2F2F741BCFC2DC49DFC7DC59 /* Debug */,
				A26DEE075EF096362E332560 /* Release */,
			);
			defaultConfigurationIsVisible = 0;
			defaultConfigurationName = Debug;
		};
		FCC7E55DDA9D7FA440B4C754 /* Build configuration list for PBXProject "FamilyEvents" */ = {
			isa = XCConfigurationList;
			buildConfigurations = (
				EEF773E9BE1B290086BE12B9 /* Debug */,
				B0A3409BAF6C6E4B133541F5 /* Release */,
			);
			defaultConfigurationIsVisible = 0;
			defaultConfigurationName = Debug;
		};
/* End XCConfigurationList section */

/* Begin XCLocalSwiftPackageReference section */
		03FA394F953AE916329ACCA6 /* XCLocalSwiftPackageReference "Packages/FEEventDetail" */ = {
			isa = XCLocalSwiftPackageReference;
			relativePath = Packages/FEEventDetail;
		};
		080F0A1D6B0623E4824A5B97 /* XCLocalSwiftPackageReference "Packages/FESaved" */ = {
			isa = XCLocalSwiftPackageReference;
			relativePath = Packages/FESaved;
		};
		369E0085144452F893E9F88E /* XCLocalSwiftPackageReference "Packages/FEPlan" */ = {
			isa = XCLocalSwiftPackageReference;
			relativePath = Packages/FEPlan;
		};
		3F9231D0C366C3F4FF7FF08C /* XCLocalSwiftPackageReference "Packages/FECore" */ = {
			isa = XCLocalSwiftPackageReference;
			relativePath = Packages/FECore;
		};
		5B4603095B987C37D8E3A051 /* XCLocalSwiftPackageReference "Packages/FEAuth" */ = {
			isa = XCLocalSwiftPackageReference;
			relativePath = Packages/FEAuth;
		};
		60A15770312CE0B621EA0C65 /* XCLocalSwiftPackageReference "Packages/FEDesignSystem" */ = {
			isa = XCLocalSwiftPackageReference;
			relativePath = Packages/FEDesignSystem;
		};
		6C67EDF93C267962D9BF2BFE /* XCLocalSwiftPackageReference "Packages/FEAppIntents" */ = {
			isa = XCLocalSwiftPackageReference;
			relativePath = Packages/FEAppIntents;
		};
		6F28529199E8E30591BC89C0 /* XCLocalSwiftPackageReference "Packages/FEExplore" */ = {
			isa = XCLocalSwiftPackageReference;
			relativePath = Packages/FEExplore;
		};
		D41436FB6890B7EAF9ED7362 /* XCLocalSwiftPackageReference "Packages/FEData" */ = {
			isa = XCLocalSwiftPackageReference;
			relativePath = Packages/FEData;
		};
/* End XCLocalSwiftPackageReference section */

/* Begin XCSwiftPackageProductDependency section */
		140C842699DB3E60E17FD74C /* FEAuth */ = {
			isa = XCSwiftPackageProductDependency;
			productName = FEAuth;
		};
		1592D61B348B5F234F607CC6 /* FEData */ = {
			isa = XCSwiftPackageProductDependency;
			productName = FEData;
		};
		3EB57A5EFB39A746A0D2B024 /* FECore */ = {
			isa = XCSwiftPackageProductDependency;
			productName = FECore;
		};
		5399C3FDB06EABBE86A2FD40 /* FESaved */ = {
			isa = XCSwiftPackageProductDependency;
			productName = FESaved;
		};
		5546DB4D17A5E09EEF2150C9 /* FEDesignSystem */ = {
			isa = XCSwiftPackageProductDependency;
			productName = FEDesignSystem;
		};
		5D879C9222AF5C91392EA789 /* FEData */ = {
			isa = XCSwiftPackageProductDependency;
			productName = FEData;
		};
		61544DEF43F22997E8487761 /* FEExplore */ = {
			isa = XCSwiftPackageProductDependency;
			productName = FEExplore;
		};
		65E2409342315B807311D9F6 /* FEAuthTesting */ = {
			isa = XCSwiftPackageProductDependency;
			productName = FEAuthTesting;
		};
		B05296E5CE38DEC7D1ABE5D2 /* FEPlan */ = {
			isa = XCSwiftPackageProductDependency;
			productName = FEPlan;
		};
		C0E28472D5FA232F6ED3A73E /* FEAppIntents */ = {
			isa = XCSwiftPackageProductDependency;
			productName = FEAppIntents;
		};
		DC90DE2BDE57D2CE9AD0B4B4 /* FECore */ = {
			isa = XCSwiftPackageProductDependency;
			productName = FECore;
		};
		F71FCF3E0F318AFA91B50660 /* FEAuth */ = {
			isa = XCSwiftPackageProductDependency;
			productName = FEAuth;
		};
		F91888BF2832B1DAEFA47BCB /* FEEventDetail */ = {
			isa = XCSwiftPackageProductDependency;
			productName = FEEventDetail;
		};
/* End XCSwiftPackageProductDependency section */
	};
	rootObject = DB82AFD6916D683A1D7ABEC5 /* Project object */;
}
